# THIS IS AN AUTOGENERATED FILE. DO NOT EDIT THIS FILE DIRECTLY.
# yarn lockfile v1


"@figma/plugin-typings@^1.17.1":
  version "1.19.0"
  resolved "https://registry.yarnpkg.com/@figma/plugin-typings/-/plugin-typings-1.19.0.tgz#9eec4e6750c53a7ca5464b57d77db7be84143a4a"
  integrity sha512-CioK7sIBXrpgbYsbzTS6clGwuO+97DjM16PqDmXKtcTBJhg8AjTiZ7XIDeJ078Kpwh0QiLDuG+D2ukKbFpBw7g==
